
Microsoft Visual Studio Solution File, Format Version 12.00
# Visual Studio Version 17
VisualStudioVersion = 17.0.31611.283
MinimumVisualStudioVersion = 10.0.40219.1
Project("{9A19103F-16F7-4668-BE54-9A1E7A4F7556}") = "Shpakovsky_253505.UI", "Shpakovsky_253505.UI\Shpakovsky_253505.UI.csproj", "{C6599274-9164-4CD1-B5C9-9DDD1792BC02}"
EndProject
Project("{9A19103F-16F7-4668-BE54-9A1E7A4F7556}") = "Shpakovsky_253505.Domain", "Shpakovsky_253505.Domain\Shpakovsky_253505.Domain.csproj", "{EEC5364E-612A-4B62-83BE-C2043D626034}"
EndProject
Project("{9A19103F-16F7-4668-BE54-9A1E7A4F7556}") = "Shpakovsky_253505.Application", "Shpakovsky_253505.Application\Shpakovsky_253505.Application.csproj", "{B7EFC0BB-5B86-49EC-9B03-6EB4DF4AB825}"
EndProject
Project("{9A19103F-16F7-4668-BE54-9A1E7A4F7556}") = "Shpakovsky_253505.Persistense", "Shpakovsky_253505.Persistense\Shpakovsky_253505.Persistense.csproj", "{2C086D07-2687-44F1-BE42-DAE6F1160AD3}"
EndProject
Global
	GlobalSection(SolutionConfigurationPlatforms) = preSolution
		Debug|Any CPU = Debug|Any CPU
		Release|Any CPU = Release|Any CPU
	EndGlobalSection
	GlobalSection(ProjectConfigurationPlatforms) = postSolution
		{C6599274-9164-4CD1-B5C9-9DDD1792BC02}.Debug|Any CPU.ActiveCfg = Debug|Any CPU
		{C6599274-9164-4CD1-B5C9-9DDD1792BC02}.Debug|Any CPU.Build.0 = Debug|Any CPU
		{C6599274-9164-4CD1-B5C9-9DDD1792BC02}.Debug|Any CPU.Deploy.0 = Debug|Any CPU
		{C6599274-9164-4CD1-B5C9-9DDD1792BC02}.Release|Any CPU.ActiveCfg = Release|Any CPU
		{C6599274-9164-4CD1-B5C9-9DDD1792BC02}.Release|Any CPU.Build.0 = Release|Any CPU
		{C6599274-9164-4CD1-B5C9-9DDD1792BC02}.Release|Any CPU.Deploy.0 = Release|Any CPU
		{EEC5364E-612A-4B62-83BE-C2043D626034}.Debug|Any CPU.ActiveCfg = Debug|Any CPU
		{EEC5364E-612A-4B62-83BE-C2043D626034}.Debug|Any CPU.Build.0 = Debug|Any CPU
		{EEC5364E-612A-4B62-83BE-C2043D626034}.Release|Any CPU.ActiveCfg = Release|Any CPU
		{EEC5364E-612A-4B62-83BE-C2043D626034}.Release|Any CPU.Build.0 = Release|Any CPU
		{B7EFC0BB-5B86-49EC-9B03-6EB4DF4AB825}.Debug|Any CPU.ActiveCfg = Debug|Any CPU
		{B7EFC0BB-5B86-49EC-9B03-6EB4DF4AB825}.Debug|Any CPU.Build.0 = Debug|Any CPU
		{B7EFC0BB-5B86-49EC-9B03-6EB4DF4AB825}.Release|Any CPU.ActiveCfg = Release|Any CPU
		{B7EFC0BB-5B86-49EC-9B03-6EB4DF4AB825}.Release|Any CPU.Build.0 = Release|Any CPU
		{2C086D07-2687-44F1-BE42-DAE6F1160AD3}.Debug|Any CPU.ActiveCfg = Debug|Any CPU
		{2C086D07-2687-44F1-BE42-DAE6F1160AD3}.Debug|Any CPU.Build.0 = Debug|Any CPU
		{2C086D07-2687-44F1-BE42-DAE6F1160AD3}.Release|Any CPU.ActiveCfg = Release|Any CPU
		{2C086D07-2687-44F1-BE42-DAE6F1160AD3}.Release|Any CPU.Build.0 = Release|Any CPU
	EndGlobalSection
	GlobalSection(SolutionProperties) = preSolution
		HideSolutionNode = FALSE
	EndGlobalSection
	GlobalSection(ExtensibilityGlobals) = postSolution
		SolutionGuid = {61F7FB11-1E47-470C-91E2-47F8143E1572}
	EndGlobalSection
EndGlobal
