
Microsoft Visual Studio Solution File, Format Version 12.00
Project("{FAE04EC0-301F-11D3-BF4B-00C04F79EFBC}") = "WEB_253505_Shpakovsky.UI", "WEB_253505_Shpakovsky.UI\WEB_253505_Shpakovsky.UI.csproj", "{3D2067D7-FF3E-46BA-8CD6-851707007BD0}"
EndProject
Project("{FAE04EC0-301F-11D3-BF4B-00C04F79EFBC}") = "WEB_253505_Shpakovsky.Domain", "WEB_253505_Shpakovsky.Domain\WEB_253505_Shpakovsky.Domain.csproj", "{6F97EE33-504A-4C36-80AB-220ED93237A5}"
EndProject
Project("{FAE04EC0-301F-11D3-BF4B-00C04F79EFBC}") = "WEB_253505_Shpakovsky.API", "WEB_253505_Shpakovsky.API\WEB_253505_Shpakovsky.API.csproj", "{99233D47-C428-4333-98D2-BA81CFF95C28}"
EndProject
Project("{FAE04EC0-301F-11D3-BF4B-00C04F79EFBC}") = "WEB_253505_Shpakovsky.Tests", "WEB_253505_Shpakovsky.Tests\WEB_253505_Shpakovsky.Tests.csproj", "{273DD497-41DE-4037-B1B8-65E70C42F655}"
EndProject
Global
	GlobalSection(SolutionConfigurationPlatforms) = preSolution
		Debug|Any CPU = Debug|Any CPU
		Release|Any CPU = Release|Any CPU
	EndGlobalSection
	GlobalSection(ProjectConfigurationPlatforms) = postSolution
		{3D2067D7-FF3E-46BA-8CD6-851707007BD0}.Debug|Any CPU.ActiveCfg = Debug|Any CPU
		{3D2067D7-FF3E-46BA-8CD6-851707007BD0}.Debug|Any CPU.Build.0 = Debug|Any CPU
		{3D2067D7-FF3E-46BA-8CD6-851707007BD0}.Release|Any CPU.ActiveCfg = Release|Any CPU
		{3D2067D7-FF3E-46BA-8CD6-851707007BD0}.Release|Any CPU.Build.0 = Release|Any CPU
		{6F97EE33-504A-4C36-80AB-220ED93237A5}.Debug|Any CPU.ActiveCfg = Debug|Any CPU
		{6F97EE33-504A-4C36-80AB-220ED93237A5}.Debug|Any CPU.Build.0 = Debug|Any CPU
		{6F97EE33-504A-4C36-80AB-220ED93237A5}.Release|Any CPU.ActiveCfg = Release|Any CPU
		{6F97EE33-504A-4C36-80AB-220ED93237A5}.Release|Any CPU.Build.0 = Release|Any CPU
		{99233D47-C428-4333-98D2-BA81CFF95C28}.Debug|Any CPU.ActiveCfg = Debug|Any CPU
		{99233D47-C428-4333-98D2-BA81CFF95C28}.Debug|Any CPU.Build.0 = Debug|Any CPU
		{99233D47-C428-4333-98D2-BA81CFF95C28}.Release|Any CPU.ActiveCfg = Release|Any CPU
		{99233D47-C428-4333-98D2-BA81CFF95C28}.Release|Any CPU.Build.0 = Release|Any CPU
		{273DD497-41DE-4037-B1B8-65E70C42F655}.Debug|Any CPU.ActiveCfg = Debug|Any CPU
		{273DD497-41DE-4037-B1B8-65E70C42F655}.Debug|Any CPU.Build.0 = Debug|Any CPU
		{273DD497-41DE-4037-B1B8-65E70C42F655}.Release|Any CPU.ActiveCfg = Release|Any CPU
		{273DD497-41DE-4037-B1B8-65E70C42F655}.Release|Any CPU.Build.0 = Release|Any CPU
	EndGlobalSection
EndGlobal
